
Microsoft Visual Studio Solution File, Format Version 12.00
# Visual Studio 15
VisualStudioVersion = 15.0.27004.2005
MinimumVisualStudioVersion = 10.0.40219.1
Project("{9A19103F-16F7-4668-BE54-9A1E7A4F7556}") = "FundamentalsOfCSharp", "FundamentalsOfCSharp\FundamentalsOfCSharp.csproj", "{E1651877-7502-4557-B4A8-C71DDB00A69F}"
EndProject
Project("{9A19103F-16F7-4668-BE54-9A1E7A4F7556}") = "TypesInCSharp", "TypesInCSharp\TypesInCSharp.csproj", "{D98E6CA0-C19D-4699-A97C-9B138DBCC042}"
EndProject
Project("{FAE04EC0-301F-11D3-BF4B-00C04F79EFBC}") = "GettingStartedwithPOO", "GettingStartedwithPOO\GettingStartedwithPOO.csproj", "{A956E740-EAAD-45C1-B015-1F0CC2C00238}"
EndProject
Global
	GlobalSection(SolutionConfigurationPlatforms) = preSolution
		Debug|Any CPU = Debug|Any CPU
		Release|Any CPU = Release|Any CPU
	EndGlobalSection
	GlobalSection(ProjectConfigurationPlatforms) = postSolution
		{E1651877-7502-4557-B4A8-C71DDB00A69F}.Debug|Any CPU.ActiveCfg = Debug|Any CPU
		{E1651877-7502-4557-B4A8-C71DDB00A69F}.Debug|Any CPU.Build.0 = Debug|Any CPU
		{E1651877-7502-4557-B4A8-C71DDB00A69F}.Release|Any CPU.ActiveCfg = Release|Any CPU
		{E1651877-7502-4557-B4A8-C71DDB00A69F}.Release|Any CPU.Build.0 = Release|Any CPU
		{D98E6CA0-C19D-4699-A97C-9B138DBCC042}.Debug|Any CPU.ActiveCfg = Debug|Any CPU
		{D98E6CA0-C19D-4699-A97C-9B138DBCC042}.Debug|Any CPU.Build.0 = Debug|Any CPU
		{D98E6CA0-C19D-4699-A97C-9B138DBCC042}.Release|Any CPU.ActiveCfg = Release|Any CPU
		{D98E6CA0-C19D-4699-A97C-9B138DBCC042}.Release|Any CPU.Build.0 = Release|Any CPU
		{A956E740-EAAD-45C1-B015-1F0CC2C00238}.Debug|Any CPU.ActiveCfg = Debug|Any CPU
		{A956E740-EAAD-45C1-B015-1F0CC2C00238}.Debug|Any CPU.Build.0 = Debug|Any CPU
		{A956E740-EAAD-45C1-B015-1F0CC2C00238}.Release|Any CPU.ActiveCfg = Release|Any CPU
		{A956E740-EAAD-45C1-B015-1F0CC2C00238}.Release|Any CPU.Build.0 = Release|Any CPU
	EndGlobalSection
	GlobalSection(SolutionProperties) = preSolution
		HideSolutionNode = FALSE
	EndGlobalSection
	GlobalSection(ExtensibilityGlobals) = postSolution
		SolutionGuid = {76F97F54-674D-436C-BACB-CB92E83F721D}
	EndGlobalSection
EndGlobal
