
Microsoft Visual Studio Solution File, Format Version 12.00
# Visual Studio 15
VisualStudioVersion = 15.0.27004.2005
MinimumVisualStudioVersion = 10.0.40219.1
Project("{9A19103F-16F7-4668-BE54-9A1E7A4F7556}") = "FundamentalsOfCSharp", "FundamentalsOfCSharp\FundamentalsOfCSharp.csproj", "{E1651877-7502-4557-B4A8-C71DDB00A69F}"
EndProject
Project("{9A19103F-16F7-4668-BE54-9A1E7A4F7556}") = "TypesInCSharp", "TypesInCSharp\TypesInCSharp.csproj", "{D98E6CA0-C19D-4699-A97C-9B138DBCC042}"
EndProject
Project("{9A19103F-16F7-4668-BE54-9A1E7A4F7556}") = "GettingStartedwithPOO", "GettingStartedwithPOO\GettingStartedwithPOO.csproj", "{A956E740-EAAD-45C1-B015-1F0CC2C00238}"
EndProject
Project("{9A19103F-16F7-4668-BE54-9A1E7A4F7556}") = "exercises1To3chapter", "exercises1To3chapter\exercises1To3chapter.csproj", "{5EFFDB6D-759A-4F95-BC8D-73AFBB40F665}"
EndProject
Project("{9A19103F-16F7-4668-BE54-9A1E7A4F7556}") = "Advance CSharp", "Advance CSharp\Advance CSharp.csproj", "{388BF2DD-DF80-4BAB-AD17-3B255C631E65}"
EndProject
Project("{9A19103F-16F7-4668-BE54-9A1E7A4F7556}") = "ImplementingDelegatesAndEvents", "ImplementingDelegatesAndEvents\ImplementingDelegatesAndEvents.csproj", "{1E978F75-935C-44BE-8167-B3BFE3DE99B0}"
EndProject
Project("{9A19103F-16F7-4668-BE54-9A1E7A4F7556}") = "DeepDiveintoLINQ", "DeepDiveintoLINQ\DeepDiveintoLINQ.csproj", "{44A02EBF-0612-443C-9A50-6DCBA48F44EE}"
EndProject
Project("{9A19103F-16F7-4668-BE54-9A1E7A4F7556}") = "ManageObjectLifeCycle", "ManageObjectLifeCycle\ManageObjectLifeCycle.csproj", "{885CD0C0-11E2-435F-9F16-90C39BB01797}"
EndProject
Project("{9A19103F-16F7-4668-BE54-9A1E7A4F7556}") = "Multithreaded,AsyncAndParallelProgramming", "Multithreaded,AsyncAndParallelProgramming\Multithreaded,AsyncAndParallelProgramming.csproj", "{2CDCA2BD-1032-4F96-AB9B-AC02B3EBAD58}"
EndProject
Project("{FAE04EC0-301F-11D3-BF4B-00C04F79EFBC}") = "MakeUIResponsive", "MakeUIResponsive\MakeUIResponsive.csproj", "{110BD69B-DCAB-4C36-94CF-F52E63C7418F}"
EndProject
Project("{FAE04EC0-301F-11D3-BF4B-00C04F79EFBC}") = "Chapter8Challenge1", "Chapter8Challenge1\Chapter8Challenge1.csproj", "{A60C2096-3979-4E1F-B501-FD8C31566EB2}"
EndProject
Project("{FAE04EC0-301F-11D3-BF4B-00C04F79EFBC}") = "ExceptionHandlingAndValidating", "ExceptionHandlingAndValidating\ExceptionHandlingAndValidating.csproj", "{C6EBAD5F-1923-41C1-B3DC-82A27646AF79}"
EndProject
Project("{FAE04EC0-301F-11D3-BF4B-00C04F79EFBC}") = "FileIOOperations", "FileIOOperations\FileIOOperations.csproj", "{A309DE5C-472B-4C70-B313-DB21FDB2B12A}"
EndProject
Project("{FAE04EC0-301F-11D3-BF4B-00C04F79EFBC}") = "Serialization and Deserialization", "Serialization and Deserialization\Serialization and Deserialization.csproj", "{0E134E52-1908-42FE-A587-32CE8946B948}"
EndProject
Project("{FAE04EC0-301F-11D3-BF4B-00C04F79EFBC}") = "ConsumeData", "ConsumeData\ConsumeData.csproj", "{82B3D5F1-A1AD-4585-9D25-F9253E4C52B6}"
	ProjectSection(ProjectDependencies) = postProject
		{01454D11-F423-45D3-AA58-0C5DAD737931} = {01454D11-F423-45D3-AA58-0C5DAD737931}
		{15FBE340-332E-48F5-B802-BDA1EDEC1BDF} = {15FBE340-332E-48F5-B802-BDA1EDEC1BDF}
	EndProjectSection
EndProject
Project("{FAE04EC0-301F-11D3-BF4B-00C04F79EFBC}") = "WebApplication1", "WebApplication1\WebApplication1.csproj", "{01454D11-F423-45D3-AA58-0C5DAD737931}"
EndProject
Project("{FAE04EC0-301F-11D3-BF4B-00C04F79EFBC}") = "challenge01Chapter12", "challenge01Chapter12\challenge01Chapter12.csproj", "{15FBE340-332E-48F5-B802-BDA1EDEC1BDF}"
EndProject
Project("{FAE04EC0-301F-11D3-BF4B-00C04F79EFBC}") = "WorkingWithCryptography", "WorkingWithCryptography\WorkingWithCryptography.csproj", "{50D27BA0-ED07-4A34-9DC4-1379C97D71D0}"
EndProject
Project("{FAE04EC0-301F-11D3-BF4B-00C04F79EFBC}") = "Challenge01Chapter13", "Challenge01Chapter13\Challenge01Chapter13.csproj", "{B1D806EE-D218-4F87-AA1A-AA81E55894E5}"
EndProject
Project("{FAE04EC0-301F-11D3-BF4B-00C04F79EFBC}") = "AssemblyAndReflection", "AssemblyAndReflection\AssemblyAndReflection.csproj", "{5498AC05-4F2B-4A8C-8816-47301618F9FC}"
EndProject
Project("{FAE04EC0-301F-11D3-BF4B-00C04F79EFBC}") = "MyAssembly", "MyAssembly\MyAssembly.csproj", "{60448F7D-8CEE-462F-BBB4-4FAC57B1FEFA}"
EndProject
Project("{FAE04EC0-301F-11D3-BF4B-00C04F79EFBC}") = "Challenge01Chapter14", "Challenge01Chapter14\Challenge01Chapter14.csproj", "{E8EF90CF-EA62-455C-965B-17E8BDD0910A}"
EndProject
Project("{FAE04EC0-301F-11D3-BF4B-00C04F79EFBC}") = "Debugging and Diagnostics", "Debugging and Diagnostics\Debugging and Diagnostics.csproj", "{EBE511C5-9539-4E93-A0BF-0039C7F3FBD0}"
EndProject
Global
	GlobalSection(Performance) = preSolution
		HasPerformanceSessions = true
	EndGlobalSection
	GlobalSection(SolutionConfigurationPlatforms) = preSolution
		Debug|Any CPU = Debug|Any CPU
		Release|Any CPU = Release|Any CPU
	EndGlobalSection
	GlobalSection(ProjectConfigurationPlatforms) = postSolution
		{E1651877-7502-4557-B4A8-C71DDB00A69F}.Debug|Any CPU.ActiveCfg = Debug|Any CPU
		{E1651877-7502-4557-B4A8-C71DDB00A69F}.Debug|Any CPU.Build.0 = Debug|Any CPU
		{E1651877-7502-4557-B4A8-C71DDB00A69F}.Release|Any CPU.ActiveCfg = Release|Any CPU
		{E1651877-7502-4557-B4A8-C71DDB00A69F}.Release|Any CPU.Build.0 = Release|Any CPU
		{D98E6CA0-C19D-4699-A97C-9B138DBCC042}.Debug|Any CPU.ActiveCfg = Debug|Any CPU
		{D98E6CA0-C19D-4699-A97C-9B138DBCC042}.Debug|Any CPU.Build.0 = Debug|Any CPU
		{D98E6CA0-C19D-4699-A97C-9B138DBCC042}.Release|Any CPU.ActiveCfg = Release|Any CPU
		{D98E6CA0-C19D-4699-A97C-9B138DBCC042}.Release|Any CPU.Build.0 = Release|Any CPU
		{A956E740-EAAD-45C1-B015-1F0CC2C00238}.Debug|Any CPU.ActiveCfg = Debug|Any CPU
		{A956E740-EAAD-45C1-B015-1F0CC2C00238}.Debug|Any CPU.Build.0 = Debug|Any CPU
		{A956E740-EAAD-45C1-B015-1F0CC2C00238}.Release|Any CPU.ActiveCfg = Release|Any CPU
		{A956E740-EAAD-45C1-B015-1F0CC2C00238}.Release|Any CPU.Build.0 = Release|Any CPU
		{5EFFDB6D-759A-4F95-BC8D-73AFBB40F665}.Debug|Any CPU.ActiveCfg = Debug|Any CPU
		{5EFFDB6D-759A-4F95-BC8D-73AFBB40F665}.Debug|Any CPU.Build.0 = Debug|Any CPU
		{5EFFDB6D-759A-4F95-BC8D-73AFBB40F665}.Release|Any CPU.ActiveCfg = Release|Any CPU
		{5EFFDB6D-759A-4F95-BC8D-73AFBB40F665}.Release|Any CPU.Build.0 = Release|Any CPU
		{388BF2DD-DF80-4BAB-AD17-3B255C631E65}.Debug|Any CPU.ActiveCfg = Debug|Any CPU
		{388BF2DD-DF80-4BAB-AD17-3B255C631E65}.Debug|Any CPU.Build.0 = Debug|Any CPU
		{388BF2DD-DF80-4BAB-AD17-3B255C631E65}.Release|Any CPU.ActiveCfg = Release|Any CPU
		{388BF2DD-DF80-4BAB-AD17-3B255C631E65}.Release|Any CPU.Build.0 = Release|Any CPU
		{1E978F75-935C-44BE-8167-B3BFE3DE99B0}.Debug|Any CPU.ActiveCfg = Debug|Any CPU
		{1E978F75-935C-44BE-8167-B3BFE3DE99B0}.Debug|Any CPU.Build.0 = Debug|Any CPU
		{1E978F75-935C-44BE-8167-B3BFE3DE99B0}.Release|Any CPU.ActiveCfg = Release|Any CPU
		{1E978F75-935C-44BE-8167-B3BFE3DE99B0}.Release|Any CPU.Build.0 = Release|Any CPU
		{44A02EBF-0612-443C-9A50-6DCBA48F44EE}.Debug|Any CPU.ActiveCfg = Debug|Any CPU
		{44A02EBF-0612-443C-9A50-6DCBA48F44EE}.Debug|Any CPU.Build.0 = Debug|Any CPU
		{44A02EBF-0612-443C-9A50-6DCBA48F44EE}.Release|Any CPU.ActiveCfg = Release|Any CPU
		{44A02EBF-0612-443C-9A50-6DCBA48F44EE}.Release|Any CPU.Build.0 = Release|Any CPU
		{885CD0C0-11E2-435F-9F16-90C39BB01797}.Debug|Any CPU.ActiveCfg = Debug|Any CPU
		{885CD0C0-11E2-435F-9F16-90C39BB01797}.Debug|Any CPU.Build.0 = Debug|Any CPU
		{885CD0C0-11E2-435F-9F16-90C39BB01797}.Release|Any CPU.ActiveCfg = Release|Any CPU
		{885CD0C0-11E2-435F-9F16-90C39BB01797}.Release|Any CPU.Build.0 = Release|Any CPU
		{2CDCA2BD-1032-4F96-AB9B-AC02B3EBAD58}.Debug|Any CPU.ActiveCfg = Debug|Any CPU
		{2CDCA2BD-1032-4F96-AB9B-AC02B3EBAD58}.Debug|Any CPU.Build.0 = Debug|Any CPU
		{2CDCA2BD-1032-4F96-AB9B-AC02B3EBAD58}.Release|Any CPU.ActiveCfg = Release|Any CPU
		{2CDCA2BD-1032-4F96-AB9B-AC02B3EBAD58}.Release|Any CPU.Build.0 = Release|Any CPU
		{110BD69B-DCAB-4C36-94CF-F52E63C7418F}.Debug|Any CPU.ActiveCfg = Debug|Any CPU
		{110BD69B-DCAB-4C36-94CF-F52E63C7418F}.Debug|Any CPU.Build.0 = Debug|Any CPU
		{110BD69B-DCAB-4C36-94CF-F52E63C7418F}.Release|Any CPU.ActiveCfg = Release|Any CPU
		{110BD69B-DCAB-4C36-94CF-F52E63C7418F}.Release|Any CPU.Build.0 = Release|Any CPU
		{A60C2096-3979-4E1F-B501-FD8C31566EB2}.Debug|Any CPU.ActiveCfg = Debug|Any CPU
		{A60C2096-3979-4E1F-B501-FD8C31566EB2}.Debug|Any CPU.Build.0 = Debug|Any CPU
		{A60C2096-3979-4E1F-B501-FD8C31566EB2}.Release|Any CPU.ActiveCfg = Release|Any CPU
		{A60C2096-3979-4E1F-B501-FD8C31566EB2}.Release|Any CPU.Build.0 = Release|Any CPU
		{C6EBAD5F-1923-41C1-B3DC-82A27646AF79}.Debug|Any CPU.ActiveCfg = Debug|Any CPU
		{C6EBAD5F-1923-41C1-B3DC-82A27646AF79}.Debug|Any CPU.Build.0 = Debug|Any CPU
		{C6EBAD5F-1923-41C1-B3DC-82A27646AF79}.Release|Any CPU.ActiveCfg = Release|Any CPU
		{C6EBAD5F-1923-41C1-B3DC-82A27646AF79}.Release|Any CPU.Build.0 = Release|Any CPU
		{A309DE5C-472B-4C70-B313-DB21FDB2B12A}.Debug|Any CPU.ActiveCfg = Debug|Any CPU
		{A309DE5C-472B-4C70-B313-DB21FDB2B12A}.Debug|Any CPU.Build.0 = Debug|Any CPU
		{A309DE5C-472B-4C70-B313-DB21FDB2B12A}.Release|Any CPU.ActiveCfg = Release|Any CPU
		{A309DE5C-472B-4C70-B313-DB21FDB2B12A}.Release|Any CPU.Build.0 = Release|Any CPU
		{0E134E52-1908-42FE-A587-32CE8946B948}.Debug|Any CPU.ActiveCfg = Debug|Any CPU
		{0E134E52-1908-42FE-A587-32CE8946B948}.Debug|Any CPU.Build.0 = Debug|Any CPU
		{0E134E52-1908-42FE-A587-32CE8946B948}.Release|Any CPU.ActiveCfg = Release|Any CPU
		{0E134E52-1908-42FE-A587-32CE8946B948}.Release|Any CPU.Build.0 = Release|Any CPU
		{82B3D5F1-A1AD-4585-9D25-F9253E4C52B6}.Debug|Any CPU.ActiveCfg = Debug|Any CPU
		{82B3D5F1-A1AD-4585-9D25-F9253E4C52B6}.Debug|Any CPU.Build.0 = Debug|Any CPU
		{82B3D5F1-A1AD-4585-9D25-F9253E4C52B6}.Release|Any CPU.ActiveCfg = Release|Any CPU
		{82B3D5F1-A1AD-4585-9D25-F9253E4C52B6}.Release|Any CPU.Build.0 = Release|Any CPU
		{01454D11-F423-45D3-AA58-0C5DAD737931}.Debug|Any CPU.ActiveCfg = Debug|Any CPU
		{01454D11-F423-45D3-AA58-0C5DAD737931}.Debug|Any CPU.Build.0 = Debug|Any CPU
		{01454D11-F423-45D3-AA58-0C5DAD737931}.Release|Any CPU.ActiveCfg = Release|Any CPU
		{01454D11-F423-45D3-AA58-0C5DAD737931}.Release|Any CPU.Build.0 = Release|Any CPU
		{15FBE340-332E-48F5-B802-BDA1EDEC1BDF}.Debug|Any CPU.ActiveCfg = Debug|Any CPU
		{15FBE340-332E-48F5-B802-BDA1EDEC1BDF}.Debug|Any CPU.Build.0 = Debug|Any CPU
		{15FBE340-332E-48F5-B802-BDA1EDEC1BDF}.Release|Any CPU.ActiveCfg = Release|Any CPU
		{15FBE340-332E-48F5-B802-BDA1EDEC1BDF}.Release|Any CPU.Build.0 = Release|Any CPU
		{50D27BA0-ED07-4A34-9DC4-1379C97D71D0}.Debug|Any CPU.ActiveCfg = Debug|Any CPU
		{50D27BA0-ED07-4A34-9DC4-1379C97D71D0}.Debug|Any CPU.Build.0 = Debug|Any CPU
		{50D27BA0-ED07-4A34-9DC4-1379C97D71D0}.Release|Any CPU.ActiveCfg = Release|Any CPU
		{50D27BA0-ED07-4A34-9DC4-1379C97D71D0}.Release|Any CPU.Build.0 = Release|Any CPU
		{B1D806EE-D218-4F87-AA1A-AA81E55894E5}.Debug|Any CPU.ActiveCfg = Debug|Any CPU
		{B1D806EE-D218-4F87-AA1A-AA81E55894E5}.Debug|Any CPU.Build.0 = Debug|Any CPU
		{B1D806EE-D218-4F87-AA1A-AA81E55894E5}.Release|Any CPU.ActiveCfg = Release|Any CPU
		{B1D806EE-D218-4F87-AA1A-AA81E55894E5}.Release|Any CPU.Build.0 = Release|Any CPU
		{5498AC05-4F2B-4A8C-8816-47301618F9FC}.Debug|Any CPU.ActiveCfg = Debug|Any CPU
		{5498AC05-4F2B-4A8C-8816-47301618F9FC}.Debug|Any CPU.Build.0 = Debug|Any CPU
		{5498AC05-4F2B-4A8C-8816-47301618F9FC}.Release|Any CPU.ActiveCfg = Release|Any CPU
		{5498AC05-4F2B-4A8C-8816-47301618F9FC}.Release|Any CPU.Build.0 = Release|Any CPU
		{60448F7D-8CEE-462F-BBB4-4FAC57B1FEFA}.Debug|Any CPU.ActiveCfg = Debug|Any CPU
		{60448F7D-8CEE-462F-BBB4-4FAC57B1FEFA}.Debug|Any CPU.Build.0 = Debug|Any CPU
		{60448F7D-8CEE-462F-BBB4-4FAC57B1FEFA}.Release|Any CPU.ActiveCfg = Release|Any CPU
		{60448F7D-8CEE-462F-BBB4-4FAC57B1FEFA}.Release|Any CPU.Build.0 = Release|Any CPU
		{E8EF90CF-EA62-455C-965B-17E8BDD0910A}.Debug|Any CPU.ActiveCfg = Debug|Any CPU
		{E8EF90CF-EA62-455C-965B-17E8BDD0910A}.Debug|Any CPU.Build.0 = Debug|Any CPU
		{E8EF90CF-EA62-455C-965B-17E8BDD0910A}.Release|Any CPU.ActiveCfg = Release|Any CPU
		{E8EF90CF-EA62-455C-965B-17E8BDD0910A}.Release|Any CPU.Build.0 = Release|Any CPU
		{EBE511C5-9539-4E93-A0BF-0039C7F3FBD0}.Debug|Any CPU.ActiveCfg = Debug|Any CPU
		{EBE511C5-9539-4E93-A0BF-0039C7F3FBD0}.Debug|Any CPU.Build.0 = Debug|Any CPU
		{EBE511C5-9539-4E93-A0BF-0039C7F3FBD0}.Release|Any CPU.ActiveCfg = Release|Any CPU
		{EBE511C5-9539-4E93-A0BF-0039C7F3FBD0}.Release|Any CPU.Build.0 = Release|Any CPU
	EndGlobalSection
	GlobalSection(SolutionProperties) = preSolution
		HideSolutionNode = FALSE
	EndGlobalSection
	GlobalSection(ExtensibilityGlobals) = postSolution
		SolutionGuid = {76F97F54-674D-436C-BACB-CB92E83F721D}
	EndGlobalSection
	GlobalSection(Performance) = preSolution
		HasPerformanceSessions = true
	EndGlobalSection
EndGlobal
